
Microsoft Visual Studio Solution File, Format Version 12.00
# Visual Studio Version 17
VisualStudioVersion = 17.3.32825.248
MinimumVisualStudioVersion = 10.0.40219.1
Project("{FAE04EC0-301F-11D3-BF4B-00C04F79EFBC}") = "JFL7XU_HFT_2022232.Client", "JFL7XU_HFT_2022232.Client\JFL7XU_HFT_2022232.Client.csproj", "{C4E13E71-AB05-4E13-A924-DC7DA0D3A19F}"
EndProject
Project("{FAE04EC0-301F-11D3-BF4B-00C04F79EFBC}") = "JFL7XU_HFT_2022232.Models", "JFL7XU_HFT_2022232.Models\JFL7XU_HFT_2022232.Models.csproj", "{A959C5A0-4905-4ECA-9025-477E9B18566C}"
EndProject
Project("{FAE04EC0-301F-11D3-BF4B-00C04F79EFBC}") = "JFL7XU_HFT_2022232.Logic", "JFL7XU_HFT_2022232.Logic\JFL7XU_HFT_2022232.Logic.csproj", "{4AF1DBAD-882C-4B7D-ACA0-4CE21E68AD43}"
EndProject
Project("{FAE04EC0-301F-11D3-BF4B-00C04F79EFBC}") = "JFL7XU_HFT_2022232.Repository", "JFL7XU_HFT_2022232.Repository\JFL7XU_HFT_2022232.Repository.csproj", "{EFA0C73C-D959-4086-8875-24CEC0E5191A}"
EndProject
Project("{FAE04EC0-301F-11D3-BF4B-00C04F79EFBC}") = "JFL7XU_HFT_2022232.Endpoint", "JFL7XU_HFT_2022232.Endpoint\JFL7XU_HFT_2022232.Endpoint.csproj", "{5A887B9B-22C5-42CB-8A3E-C167A7BE4D1B}"
EndProject
Project("{FAE04EC0-301F-11D3-BF4B-00C04F79EFBC}") = "JFL7XU_HFT_2022232.Test", "JFL7XU_HFT_2022232.Test\JFL7XU_HFT_2022232.Test.csproj", "{FA3B601D-70A8-4F96-A46C-3C17A2384352}"
EndProject
Project("{2150E333-8FDC-42A3-9474-1A3956D46DE8}") = "BackEnd", "BackEnd", "{79EF6C03-308F-4917-82AE-EC564011CDBC}"
EndProject
Project("{2150E333-8FDC-42A3-9474-1A3956D46DE8}") = "Frontend", "Frontend", "{22555877-5287-49EE-86CC-D2CEE3E0E1D8}"
EndProject
Project("{2150E333-8FDC-42A3-9474-1A3956D46DE8}") = "Shared", "Shared", "{01FBB953-3987-4251-81B4-F153DC4DD8E3}"
EndProject
Global
	GlobalSection(SolutionConfigurationPlatforms) = preSolution
		Debug|Any CPU = Debug|Any CPU
		Release|Any CPU = Release|Any CPU
	EndGlobalSection
	GlobalSection(ProjectConfigurationPlatforms) = postSolution
		{C4E13E71-AB05-4E13-A924-DC7DA0D3A19F}.Debug|Any CPU.ActiveCfg = Debug|Any CPU
		{C4E13E71-AB05-4E13-A924-DC7DA0D3A19F}.Debug|Any CPU.Build.0 = Debug|Any CPU
		{C4E13E71-AB05-4E13-A924-DC7DA0D3A19F}.Release|Any CPU.ActiveCfg = Release|Any CPU
		{C4E13E71-AB05-4E13-A924-DC7DA0D3A19F}.Release|Any CPU.Build.0 = Release|Any CPU
		{A959C5A0-4905-4ECA-9025-477E9B18566C}.Debug|Any CPU.ActiveCfg = Debug|Any CPU
		{A959C5A0-4905-4ECA-9025-477E9B18566C}.Debug|Any CPU.Build.0 = Debug|Any CPU
		{A959C5A0-4905-4ECA-9025-477E9B18566C}.Release|Any CPU.ActiveCfg = Release|Any CPU
		{A959C5A0-4905-4ECA-9025-477E9B18566C}.Release|Any CPU.Build.0 = Release|Any CPU
		{4AF1DBAD-882C-4B7D-ACA0-4CE21E68AD43}.Debug|Any CPU.ActiveCfg = Debug|Any CPU
		{4AF1DBAD-882C-4B7D-ACA0-4CE21E68AD43}.Debug|Any CPU.Build.0 = Debug|Any CPU
		{4AF1DBAD-882C-4B7D-ACA0-4CE21E68AD43}.Release|Any CPU.ActiveCfg = Release|Any CPU
		{4AF1DBAD-882C-4B7D-ACA0-4CE21E68AD43}.Release|Any CPU.Build.0 = Release|Any CPU
		{EFA0C73C-D959-4086-8875-24CEC0E5191A}.Debug|Any CPU.ActiveCfg = Debug|Any CPU
		{EFA0C73C-D959-4086-8875-24CEC0E5191A}.Debug|Any CPU.Build.0 = Debug|Any CPU
		{EFA0C73C-D959-4086-8875-24CEC0E5191A}.Release|Any CPU.ActiveCfg = Release|Any CPU
		{EFA0C73C-D959-4086-8875-24CEC0E5191A}.Release|Any CPU.Build.0 = Release|Any CPU
		{5A887B9B-22C5-42CB-8A3E-C167A7BE4D1B}.Debug|Any CPU.ActiveCfg = Debug|Any CPU
		{5A887B9B-22C5-42CB-8A3E-C167A7BE4D1B}.Debug|Any CPU.Build.0 = Debug|Any CPU
		{5A887B9B-22C5-42CB-8A3E-C167A7BE4D1B}.Release|Any CPU.ActiveCfg = Release|Any CPU
		{5A887B9B-22C5-42CB-8A3E-C167A7BE4D1B}.Release|Any CPU.Build.0 = Release|Any CPU
		{FA3B601D-70A8-4F96-A46C-3C17A2384352}.Debug|Any CPU.ActiveCfg = Debug|Any CPU
		{FA3B601D-70A8-4F96-A46C-3C17A2384352}.Debug|Any CPU.Build.0 = Debug|Any CPU
		{FA3B601D-70A8-4F96-A46C-3C17A2384352}.Release|Any CPU.ActiveCfg = Release|Any CPU
		{FA3B601D-70A8-4F96-A46C-3C17A2384352}.Release|Any CPU.Build.0 = Release|Any CPU
	EndGlobalSection
	GlobalSection(SolutionProperties) = preSolution
		HideSolutionNode = FALSE
	EndGlobalSection
	GlobalSection(NestedProjects) = preSolution
		{C4E13E71-AB05-4E13-A924-DC7DA0D3A19F} = {22555877-5287-49EE-86CC-D2CEE3E0E1D8}
		{A959C5A0-4905-4ECA-9025-477E9B18566C} = {01FBB953-3987-4251-81B4-F153DC4DD8E3}
		{4AF1DBAD-882C-4B7D-ACA0-4CE21E68AD43} = {79EF6C03-308F-4917-82AE-EC564011CDBC}
		{EFA0C73C-D959-4086-8875-24CEC0E5191A} = {79EF6C03-308F-4917-82AE-EC564011CDBC}
		{5A887B9B-22C5-42CB-8A3E-C167A7BE4D1B} = {79EF6C03-308F-4917-82AE-EC564011CDBC}
		{FA3B601D-70A8-4F96-A46C-3C17A2384352} = {79EF6C03-308F-4917-82AE-EC564011CDBC}
	EndGlobalSection
	GlobalSection(ExtensibilityGlobals) = postSolution
		SolutionGuid = {E0B525D5-8F38-427F-A40F-6B0B9053F3B5}
	EndGlobalSection
EndGlobal
